
Microsoft Visual Studio Solution File, Format Version 12.00
# Visual Studio 15
VisualStudioVersion = 15.0.28307.168
MinimumVisualStudioVersion = 10.0.40219.1
Project("{2150E333-8FDC-42A3-9474-1A3956D46DE8}") = "API", "API", "{C690A26B-5947-4C83-8C02-706106E1BCEA}"
EndProject
Project("{2150E333-8FDC-42A3-9474-1A3956D46DE8}") = "Mobile", "Mobile", "{CA6131E8-36C5-460E-A87B-751040339283}"
EndProject
Project("{2150E333-8FDC-42A3-9474-1A3956D46DE8}") = "Shared", "Shared", "{FBEA715B-9DA5-41CD-B103-01C9224283E3}"
EndProject
Project("{FAE04EC0-301F-11D3-BF4B-00C04F79EFBC}") = "RealEstate.Models", "Shared\RealEstate.Models\RealEstate.Models.csproj", "{5B5C4DD5-626E-401D-AD77-9806782B90FF}"
EndProject
Project("{9344BDBB-3E7F-41FC-A0DD-8665D75EE146}") = "RealEstate.API", "API\RealEstate.API\RealEstate.API.csproj", "{2F035F18-6C73-4AE0-9627-13A0DA6B774F}"
EndProject
Project("{FAE04EC0-301F-11D3-BF4B-00C04F79EFBC}") = "RealEstate.Mobile", "Mobile\RealEstate.Mobile\RealEsate.Mobile\RealEstate.Mobile.csproj", "{BC00B148-F0ED-4163-AB89-E7DFDB7A719F}"
EndProject
Project("{FAE04EC0-301F-11D3-BF4B-00C04F79EFBC}") = "RealEstate.Mobile.iOS", "Mobile\RealEstate.Mobile\RealEstate.Mobile.iOS\RealEstate.Mobile.iOS.csproj", "{78BF828A-ADA2-44D6-BCEE-F53AB4FB2136}"
EndProject
Project("{FAE04EC0-301F-11D3-BF4B-00C04F79EFBC}") = "RealEstate.Mobile.Android", "Mobile\RealEstate.Mobile\RealEstate.Mobile.Android\RealEstate.Mobile.Android.csproj", "{24CE3C36-16B9-426D-AA0C-5961ECF8D88C}"
EndProject
Global
	GlobalSection(SolutionConfigurationPlatforms) = preSolution
		Debug|Any CPU = Debug|Any CPU
		Debug|iPhone = Debug|iPhone
		Debug|iPhoneSimulator = Debug|iPhoneSimulator
		Debug-FakeData|Any CPU = Debug-FakeData|Any CPU
		Debug-FakeData|iPhone = Debug-FakeData|iPhone
		Debug-FakeData|iPhoneSimulator = Debug-FakeData|iPhoneSimulator
		Release|Any CPU = Release|Any CPU
		Release|iPhone = Release|iPhone
		Release|iPhoneSimulator = Release|iPhoneSimulator
	EndGlobalSection
	GlobalSection(ProjectConfigurationPlatforms) = postSolution
		{5B5C4DD5-626E-401D-AD77-9806782B90FF}.Debug|Any CPU.ActiveCfg = Debug|Any CPU
		{5B5C4DD5-626E-401D-AD77-9806782B90FF}.Debug|Any CPU.Build.0 = Debug|Any CPU
		{5B5C4DD5-626E-401D-AD77-9806782B90FF}.Debug|iPhone.ActiveCfg = Debug|Any CPU
		{5B5C4DD5-626E-401D-AD77-9806782B90FF}.Debug|iPhone.Build.0 = Debug|Any CPU
		{5B5C4DD5-626E-401D-AD77-9806782B90FF}.Debug|iPhoneSimulator.ActiveCfg = Debug|Any CPU
		{5B5C4DD5-626E-401D-AD77-9806782B90FF}.Debug|iPhoneSimulator.Build.0 = Debug|Any CPU
		{5B5C4DD5-626E-401D-AD77-9806782B90FF}.Debug-FakeData|Any CPU.ActiveCfg = Debug|Any CPU
		{5B5C4DD5-626E-401D-AD77-9806782B90FF}.Debug-FakeData|Any CPU.Build.0 = Debug|Any CPU
		{5B5C4DD5-626E-401D-AD77-9806782B90FF}.Debug-FakeData|iPhone.ActiveCfg = Debug|Any CPU
		{5B5C4DD5-626E-401D-AD77-9806782B90FF}.Debug-FakeData|iPhone.Build.0 = Debug|Any CPU
		{5B5C4DD5-626E-401D-AD77-9806782B90FF}.Debug-FakeData|iPhoneSimulator.ActiveCfg = Debug|Any CPU
		{5B5C4DD5-626E-401D-AD77-9806782B90FF}.Debug-FakeData|iPhoneSimulator.Build.0 = Debug|Any CPU
		{5B5C4DD5-626E-401D-AD77-9806782B90FF}.Release|Any CPU.ActiveCfg = Release|Any CPU
		{5B5C4DD5-626E-401D-AD77-9806782B90FF}.Release|Any CPU.Build.0 = Release|Any CPU
		{5B5C4DD5-626E-401D-AD77-9806782B90FF}.Release|iPhone.ActiveCfg = Release|Any CPU
		{5B5C4DD5-626E-401D-AD77-9806782B90FF}.Release|iPhone.Build.0 = Release|Any CPU
		{5B5C4DD5-626E-401D-AD77-9806782B90FF}.Release|iPhoneSimulator.ActiveCfg = Release|Any CPU
		{5B5C4DD5-626E-401D-AD77-9806782B90FF}.Release|iPhoneSimulator.Build.0 = Release|Any CPU
		{2F035F18-6C73-4AE0-9627-13A0DA6B774F}.Debug|Any CPU.ActiveCfg = Debug|Any CPU
		{2F035F18-6C73-4AE0-9627-13A0DA6B774F}.Debug|Any CPU.Build.0 = Debug|Any CPU
		{2F035F18-6C73-4AE0-9627-13A0DA6B774F}.Debug|iPhone.ActiveCfg = Debug|Any CPU
		{2F035F18-6C73-4AE0-9627-13A0DA6B774F}.Debug|iPhone.Build.0 = Debug|Any CPU
		{2F035F18-6C73-4AE0-9627-13A0DA6B774F}.Debug|iPhoneSimulator.ActiveCfg = Debug|Any CPU
		{2F035F18-6C73-4AE0-9627-13A0DA6B774F}.Debug|iPhoneSimulator.Build.0 = Debug|Any CPU
		{2F035F18-6C73-4AE0-9627-13A0DA6B774F}.Debug-FakeData|Any CPU.ActiveCfg = Debug-FakeData|Any CPU
		{2F035F18-6C73-4AE0-9627-13A0DA6B774F}.Debug-FakeData|Any CPU.Build.0 = Debug-FakeData|Any CPU
		{2F035F18-6C73-4AE0-9627-13A0DA6B774F}.Debug-FakeData|iPhone.ActiveCfg = Debug-FakeData|Any CPU
		{2F035F18-6C73-4AE0-9627-13A0DA6B774F}.Debug-FakeData|iPhone.Build.0 = Debug-FakeData|Any CPU
		{2F035F18-6C73-4AE0-9627-13A0DA6B774F}.Debug-FakeData|iPhoneSimulator.ActiveCfg = Debug-FakeData|Any CPU
		{2F035F18-6C73-4AE0-9627-13A0DA6B774F}.Debug-FakeData|iPhoneSimulator.Build.0 = Debug-FakeData|Any CPU
		{2F035F18-6C73-4AE0-9627-13A0DA6B774F}.Release|Any CPU.ActiveCfg = Release|Any CPU
		{2F035F18-6C73-4AE0-9627-13A0DA6B774F}.Release|Any CPU.Build.0 = Release|Any CPU
		{2F035F18-6C73-4AE0-9627-13A0DA6B774F}.Release|iPhone.ActiveCfg = Release|Any CPU
		{2F035F18-6C73-4AE0-9627-13A0DA6B774F}.Release|iPhone.Build.0 = Release|Any CPU
		{2F035F18-6C73-4AE0-9627-13A0DA6B774F}.Release|iPhoneSimulator.ActiveCfg = Release|Any CPU
		{2F035F18-6C73-4AE0-9627-13A0DA6B774F}.Release|iPhoneSimulator.Build.0 = Release|Any CPU
		{BC00B148-F0ED-4163-AB89-E7DFDB7A719F}.Debug|Any CPU.ActiveCfg = Debug|Any CPU
		{BC00B148-F0ED-4163-AB89-E7DFDB7A719F}.Debug|Any CPU.Build.0 = Debug|Any CPU
		{BC00B148-F0ED-4163-AB89-E7DFDB7A719F}.Debug|iPhone.ActiveCfg = Debug|Any CPU
		{BC00B148-F0ED-4163-AB89-E7DFDB7A719F}.Debug|iPhone.Build.0 = Debug|Any CPU
		{BC00B148-F0ED-4163-AB89-E7DFDB7A719F}.Debug|iPhoneSimulator.ActiveCfg = Debug|Any CPU
		{BC00B148-F0ED-4163-AB89-E7DFDB7A719F}.Debug|iPhoneSimulator.Build.0 = Debug|Any CPU
		{BC00B148-F0ED-4163-AB89-E7DFDB7A719F}.Debug-FakeData|Any CPU.ActiveCfg = Debug|Any CPU
		{BC00B148-F0ED-4163-AB89-E7DFDB7A719F}.Debug-FakeData|Any CPU.Build.0 = Debug|Any CPU
		{BC00B148-F0ED-4163-AB89-E7DFDB7A719F}.Debug-FakeData|iPhone.ActiveCfg = Debug|Any CPU
		{BC00B148-F0ED-4163-AB89-E7DFDB7A719F}.Debug-FakeData|iPhone.Build.0 = Debug|Any CPU
		{BC00B148-F0ED-4163-AB89-E7DFDB7A719F}.Debug-FakeData|iPhoneSimulator.ActiveCfg = Debug|Any CPU
		{BC00B148-F0ED-4163-AB89-E7DFDB7A719F}.Debug-FakeData|iPhoneSimulator.Build.0 = Debug|Any CPU
		{BC00B148-F0ED-4163-AB89-E7DFDB7A719F}.Release|Any CPU.ActiveCfg = Release|Any CPU
		{BC00B148-F0ED-4163-AB89-E7DFDB7A719F}.Release|Any CPU.Build.0 = Release|Any CPU
		{BC00B148-F0ED-4163-AB89-E7DFDB7A719F}.Release|iPhone.ActiveCfg = Release|Any CPU
		{BC00B148-F0ED-4163-AB89-E7DFDB7A719F}.Release|iPhone.Build.0 = Release|Any CPU
		{BC00B148-F0ED-4163-AB89-E7DFDB7A719F}.Release|iPhoneSimulator.ActiveCfg = Release|Any CPU
		{BC00B148-F0ED-4163-AB89-E7DFDB7A719F}.Release|iPhoneSimulator.Build.0 = Release|Any CPU
		{78BF828A-ADA2-44D6-BCEE-F53AB4FB2136}.Debug|Any CPU.ActiveCfg = Debug|iPhoneSimulator
		{78BF828A-ADA2-44D6-BCEE-F53AB4FB2136}.Debug|Any CPU.Build.0 = Debug|iPhoneSimulator
		{78BF828A-ADA2-44D6-BCEE-F53AB4FB2136}.Debug|iPhone.ActiveCfg = Debug|iPhone
		{78BF828A-ADA2-44D6-BCEE-F53AB4FB2136}.Debug|iPhone.Build.0 = Debug|iPhone
		{78BF828A-ADA2-44D6-BCEE-F53AB4FB2136}.Debug|iPhoneSimulator.ActiveCfg = Debug|iPhoneSimulator
		{78BF828A-ADA2-44D6-BCEE-F53AB4FB2136}.Debug|iPhoneSimulator.Build.0 = Debug|iPhoneSimulator
		{78BF828A-ADA2-44D6-BCEE-F53AB4FB2136}.Debug-FakeData|Any CPU.ActiveCfg = Release|iPhoneSimulator
		{78BF828A-ADA2-44D6-BCEE-F53AB4FB2136}.Debug-FakeData|Any CPU.Build.0 = Release|iPhoneSimulator
		{78BF828A-ADA2-44D6-BCEE-F53AB4FB2136}.Debug-FakeData|iPhone.ActiveCfg = Debug|iPhone
		{78BF828A-ADA2-44D6-BCEE-F53AB4FB2136}.Debug-FakeData|iPhone.Build.0 = Debug|iPhone
		{78BF828A-ADA2-44D6-BCEE-F53AB4FB2136}.Debug-FakeData|iPhoneSimulator.ActiveCfg = Debug|iPhoneSimulator
		{78BF828A-ADA2-44D6-BCEE-F53AB4FB2136}.Debug-FakeData|iPhoneSimulator.Build.0 = Debug|iPhoneSimulator
		{78BF828A-ADA2-44D6-BCEE-F53AB4FB2136}.Release|Any CPU.ActiveCfg = Release|iPhone
		{78BF828A-ADA2-44D6-BCEE-F53AB4FB2136}.Release|iPhone.ActiveCfg = Release|iPhone
		{78BF828A-ADA2-44D6-BCEE-F53AB4FB2136}.Release|iPhone.Build.0 = Release|iPhone
		{78BF828A-ADA2-44D6-BCEE-F53AB4FB2136}.Release|iPhoneSimulator.ActiveCfg = Release|iPhoneSimulator
		{78BF828A-ADA2-44D6-BCEE-F53AB4FB2136}.Release|iPhoneSimulator.Build.0 = Release|iPhoneSimulator
		{24CE3C36-16B9-426D-AA0C-5961ECF8D88C}.Debug|Any CPU.ActiveCfg = Debug|Any CPU
		{24CE3C36-16B9-426D-AA0C-5961ECF8D88C}.Debug|Any CPU.Build.0 = Debug|Any CPU
		{24CE3C36-16B9-426D-AA0C-5961ECF8D88C}.Debug|Any CPU.Deploy.0 = Debug|Any CPU
		{24CE3C36-16B9-426D-AA0C-5961ECF8D88C}.Debug|iPhone.ActiveCfg = Debug|Any CPU
		{24CE3C36-16B9-426D-AA0C-5961ECF8D88C}.Debug|iPhone.Build.0 = Debug|Any CPU
		{24CE3C36-16B9-426D-AA0C-5961ECF8D88C}.Debug|iPhone.Deploy.0 = Debug|Any CPU
		{24CE3C36-16B9-426D-AA0C-5961ECF8D88C}.Debug|iPhoneSimulator.ActiveCfg = Debug|Any CPU
		{24CE3C36-16B9-426D-AA0C-5961ECF8D88C}.Debug|iPhoneSimulator.Build.0 = Debug|Any CPU
		{24CE3C36-16B9-426D-AA0C-5961ECF8D88C}.Debug|iPhoneSimulator.Deploy.0 = Debug|Any CPU
		{24CE3C36-16B9-426D-AA0C-5961ECF8D88C}.Debug-FakeData|Any CPU.ActiveCfg = Debug|Any CPU
		{24CE3C36-16B9-426D-AA0C-5961ECF8D88C}.Debug-FakeData|Any CPU.Build.0 = Debug|Any CPU
		{24CE3C36-16B9-426D-AA0C-5961ECF8D88C}.Debug-FakeData|Any CPU.Deploy.0 = Debug|Any CPU
		{24CE3C36-16B9-426D-AA0C-5961ECF8D88C}.Debug-FakeData|iPhone.ActiveCfg = Debug|Any CPU
		{24CE3C36-16B9-426D-AA0C-5961ECF8D88C}.Debug-FakeData|iPhone.Build.0 = Debug|Any CPU
		{24CE3C36-16B9-426D-AA0C-5961ECF8D88C}.Debug-FakeData|iPhone.Deploy.0 = Debug|Any CPU
		{24CE3C36-16B9-426D-AA0C-5961ECF8D88C}.Debug-FakeData|iPhoneSimulator.ActiveCfg = Debug|Any CPU
		{24CE3C36-16B9-426D-AA0C-5961ECF8D88C}.Debug-FakeData|iPhoneSimulator.Build.0 = Debug|Any CPU
		{24CE3C36-16B9-426D-AA0C-5961ECF8D88C}.Debug-FakeData|iPhoneSimulator.Deploy.0 = Debug|Any CPU
		{24CE3C36-16B9-426D-AA0C-5961ECF8D88C}.Release|Any CPU.ActiveCfg = Release|Any CPU
		{24CE3C36-16B9-426D-AA0C-5961ECF8D88C}.Release|Any CPU.Build.0 = Release|Any CPU
		{24CE3C36-16B9-426D-AA0C-5961ECF8D88C}.Release|Any CPU.Deploy.0 = Release|Any CPU
		{24CE3C36-16B9-426D-AA0C-5961ECF8D88C}.Release|iPhone.ActiveCfg = Release|Any CPU
		{24CE3C36-16B9-426D-AA0C-5961ECF8D88C}.Release|iPhone.Build.0 = Release|Any CPU
		{24CE3C36-16B9-426D-AA0C-5961ECF8D88C}.Release|iPhone.Deploy.0 = Release|Any CPU
		{24CE3C36-16B9-426D-AA0C-5961ECF8D88C}.Release|iPhoneSimulator.ActiveCfg = Release|Any CPU
		{24CE3C36-16B9-426D-AA0C-5961ECF8D88C}.Release|iPhoneSimulator.Build.0 = Release|Any CPU
		{24CE3C36-16B9-426D-AA0C-5961ECF8D88C}.Release|iPhoneSimulator.Deploy.0 = Release|Any CPU
	EndGlobalSection
	GlobalSection(SolutionProperties) = preSolution
		HideSolutionNode = FALSE
	EndGlobalSection
	GlobalSection(NestedProjects) = preSolution
		{5B5C4DD5-626E-401D-AD77-9806782B90FF} = {FBEA715B-9DA5-41CD-B103-01C9224283E3}
		{2F035F18-6C73-4AE0-9627-13A0DA6B774F} = {C690A26B-5947-4C83-8C02-706106E1BCEA}
		{BC00B148-F0ED-4163-AB89-E7DFDB7A719F} = {CA6131E8-36C5-460E-A87B-751040339283}
		{78BF828A-ADA2-44D6-BCEE-F53AB4FB2136} = {CA6131E8-36C5-460E-A87B-751040339283}
		{24CE3C36-16B9-426D-AA0C-5961ECF8D88C} = {CA6131E8-36C5-460E-A87B-751040339283}
	EndGlobalSection
	GlobalSection(ExtensibilityGlobals) = postSolution
		SolutionGuid = {5B11E3DD-BBC0-4BD7-B6C5-13A0C78445E4}
	EndGlobalSection
EndGlobal
